{
  "nodes": {
    "devenv": {
      "locked": {
        "dir": "src/modules",
        "lastModified": 1789773873,
        "narHash": "sha256-lFR8A3JzpXn4Az9quklprOje/+Njyh9+bP+CE1TCIxI=",
        "owner": "cachix",
        "repo": "devenv",
        "rev": "2ba2f9ed32596289874c58981a4d3e56cadd639d",
        "type": "github"
      },
      "original": {
        "dir": "src/modules",
        "owner": "cachix",
        "repo": "devenv",
        "type": "github"
      }
    },
    "flake-compat": {
      "flake": false,
      "locked": {
        "lastModified": 1696426674,
        "narHash": "sha256-kvjfFW7WAETZlt09AgDn1MrtKzP7t90Vf7vypd3OL1U=",
        "owner": "edolstra",
        "repo": "flake-compat",
        "rev": "0f9255e01c2351cc7d116c072cb317785dd33b33",
        "type": "github"
      },
      "original": {
        "owner": "edolstra",
        "repo": "flake-compat",
        "type": "github"
      }
    },
    "nixpkgs": {
      "locked": {
        "lastModified": 1790046670,
        "narHash": "sha256-MYiI+CzL0tuWgRPjGsKCDHqYs2T3OzMlMQWOYWG0qso=",
        "owner": "NixOS",
        "repo": "nixpkgs",
        "rev": "6774f7bc253789b113a4f39285dc0fa100abeacc",
        "type": "github"
      },
      "original": {
        "owner": "NixOS",
        "ref": "nixos-unstable",
        "repo": "nixpkgs",
        "type": "github"
      }
    },
    "root": {
      "inputs": {
        "devenv": "devenv",
        "nixpkgs": "nixpkgs",
        "zcov-src": "zcov-src",
        "zig-overlay": "zig-overlay",
        "zls": "zls"
      }
    },
    "systems": {
      "flake": false,
      "locked": {
        "lastModified": 1681028828,
        "narHash": "sha256-Vy1rq5AaRuLzOxct8nz4T6wlgyUR7zLU309k9mBC768=",
        "owner": "nix-systems",
        "repo": "default",
        "rev": "da67096a3b9bf56a91d16901293e51ba5b49a27e",
        "type": "github"
      },
      "original": {
        "owner": "nix-systems",
        "repo": "default",
        "type": "github"
      }
    },
    "zcov-src": {
      "flake": false,
      "locked": {
        "lastModified": 1785501261,
        "narHash": "sha256-1btQKPw+8kZmcQOsfYldKg1wbxS3XGaiq9Ie7YMfsk0=",
        "owner": "ericsssan",
        "repo": "zcov",
        "rev": "d5b606ab43b31fbf4ba88b6484be95cb03747de2",
        "type": "github"
      },
      "original": {
        "owner": "ericsssan",
        "repo": "zcov",
        "type": "github"
      }
    },
    "zig-flake": {
      "inputs": {
        "nixpkgs": [
          "zls",
          "nixpkgs"
        ]
      },
      "locked": {
        "lastModified": 1788458932,
        "narHash": "sha256-QJHb+ckgPtKE8Up3imHRJKdnM2YJiDLcDkmJhTwFmsI=",
        "owner": "silversquirl",
        "repo": "zig-flake",
        "rev": "61642c0d25af42802ba19ea9716dfc161778564e",
        "type": "github"
      },
      "original": {
        "owner": "silversquirl",
        "repo": "zig-flake",
        "type": "github"
      }
    },
    "zig-overlay": {
      "inputs": {
        "flake-compat": "flake-compat",
        "nixpkgs": [
          "nixpkgs"
        ],
        "systems": "systems"
      },
      "locked": {
        "lastModified": 1790038254,
        "narHash": "sha256-CBgYithppZEI8KncejrYrIxaGrnUgDdBwqPhHyOfPrg=",
        "owner": "mitchellh",
        "repo": "zig-overlay",
        "rev": "c9e8462481d217bee520e8d1dd93b5c45907e20d",
        "type": "github"
      },
      "original": {
        "owner": "mitchellh",
        "repo": "zig-overlay",
        "type": "github"
      }
    },
    "zls": {
      "inputs": {
        "nixpkgs": [
          "nixpkgs"
        ],
        "zig-flake": "zig-flake"
      },
      "locked": {
        "lastModified": 1788895025,
        "narHash": "sha256-LICZ2CtiKuLP0UOc1dCE6qPLReIInmsiWNpH2kTd2Io=",
        "owner": "zigtools",
        "repo": "zls",
        "rev": "0ea69abdd8f50d81989c00b6a3b9cf8ced7f9522",
        "type": "github"
      },
      "original": {
        "owner": "zigtools",
        "repo": "zls",
        "type": "github"
      }
    }
  },
  "root": "root",
  "version": 7
}